
Microsoft Visual Studio Solution File, Format Version 12.00
# Visual Studio Version 17
VisualStudioVersion = 17.3.32825.248
MinimumVisualStudioVersion = 10.0.40219.1
Project("{FAE04EC0-301F-11D3-BF4B-00C04F79EFBC}") = "Task7.2", "Task7.2\Task7.2.csproj", "{CDFAB4DF-3435-4ED0-937A-B0F92A7253EE}"
EndProject
Project("{FAE04EC0-301F-11D3-BF4B-00C04F79EFBC}") = "Task6.5", "Task6.5\Task6.5.csproj", "{B351E548-FDAB-4A5B-982A-9A07ED9E1D0A}"
EndProject
Project("{FAE04EC0-301F-11D3-BF4B-00C04F79EFBC}") = "ClassLibrary1", "ClassLibrary1\ClassLibrary1.csproj", "{CAF56A9E-C7A5-4D3E-892B-C65876ACD5B4}"
EndProject
Project("{FAE04EC0-301F-11D3-BF4B-00C04F79EFBC}") = "Task7.5", "Task7.5\Task7.5.csproj", "{D1A49F88-F754-42F5-994D-7F3342608167}"
EndProject
Global
	GlobalSection(SolutionConfigurationPlatforms) = preSolution
		Debug|Any CPU = Debug|Any CPU
		Release|Any CPU = Release|Any CPU
	EndGlobalSection
	GlobalSection(ProjectConfigurationPlatforms) = postSolution
		{CDFAB4DF-3435-4ED0-937A-B0F92A7253EE}.Debug|Any CPU.ActiveCfg = Debug|Any CPU
		{CDFAB4DF-3435-4ED0-937A-B0F92A7253EE}.Debug|Any CPU.Build.0 = Debug|Any CPU
		{CDFAB4DF-3435-4ED0-937A-B0F92A7253EE}.Release|Any CPU.ActiveCfg = Release|Any CPU
		{CDFAB4DF-3435-4ED0-937A-B0F92A7253EE}.Release|Any CPU.Build.0 = Release|Any CPU
		{B351E548-FDAB-4A5B-982A-9A07ED9E1D0A}.Debug|Any CPU.ActiveCfg = Debug|Any CPU
		{B351E548-FDAB-4A5B-982A-9A07ED9E1D0A}.Debug|Any CPU.Build.0 = Debug|Any CPU
		{B351E548-FDAB-4A5B-982A-9A07ED9E1D0A}.Release|Any CPU.ActiveCfg = Release|Any CPU
		{B351E548-FDAB-4A5B-982A-9A07ED9E1D0A}.Release|Any CPU.Build.0 = Release|Any CPU
		{CAF56A9E-C7A5-4D3E-892B-C65876ACD5B4}.Debug|Any CPU.ActiveCfg = Debug|Any CPU
		{CAF56A9E-C7A5-4D3E-892B-C65876ACD5B4}.Debug|Any CPU.Build.0 = Debug|Any CPU
		{CAF56A9E-C7A5-4D3E-892B-C65876ACD5B4}.Release|Any CPU.ActiveCfg = Release|Any CPU
		{CAF56A9E-C7A5-4D3E-892B-C65876ACD5B4}.Release|Any CPU.Build.0 = Release|Any CPU
		{D1A49F88-F754-42F5-994D-7F3342608167}.Debug|Any CPU.ActiveCfg = Debug|Any CPU
		{D1A49F88-F754-42F5-994D-7F3342608167}.Debug|Any CPU.Build.0 = Debug|Any CPU
		{D1A49F88-F754-42F5-994D-7F3342608167}.Release|Any CPU.ActiveCfg = Release|Any CPU
		{D1A49F88-F754-42F5-994D-7F3342608167}.Release|Any CPU.Build.0 = Release|Any CPU
	EndGlobalSection
	GlobalSection(SolutionProperties) = preSolution
		HideSolutionNode = FALSE
	EndGlobalSection
	GlobalSection(ExtensibilityGlobals) = postSolution
		SolutionGuid = {ECD39F8F-961F-4840-9E5F-13CA9ED451D0}
	EndGlobalSection
EndGlobal
